
Microsoft Visual Studio Solution File, Format Version 12.00
# Visual Studio Version 17
VisualStudioVersion = 17.5.002.0
MinimumVisualStudioVersion = 10.0.40219.1
Project("{9A19103F-16F7-4668-BE54-9A1E7A4F7556}") = "MeuAppDocker", "MeuAppDocker.csproj", "{EF71FCF7-DD7F-4A79-A590-F1F65CD62AF3}"
EndProject
Global
	GlobalSection(SolutionConfigurationPlatforms) = preSolution
		Debug|Any CPU = Debug|Any CPU
		Release|Any CPU = Release|Any CPU
	EndGlobalSection
	GlobalSection(ProjectConfigurationPlatforms) = postSolution
		{EF71FCF7-DD7F-4A79-A590-F1F65CD62AF3}.Debug|Any CPU.ActiveCfg = Debug|Any CPU
		{EF71FCF7-DD7F-4A79-A590-F1F65CD62AF3}.Debug|Any CPU.Build.0 = Debug|Any CPU
		{EF71FCF7-DD7F-4A79-A590-F1F65CD62AF3}.Release|Any CPU.ActiveCfg = Release|Any CPU
		{EF71FCF7-DD7F-4A79-A590-F1F65CD62AF3}.Release|Any CPU.Build.0 = Release|Any CPU
	EndGlobalSection
	GlobalSection(SolutionProperties) = preSolution
		HideSolutionNode = FALSE
	EndGlobalSection
	GlobalSection(ExtensibilityGlobals) = postSolution
		SolutionGuid = {18643FB3-4DE9-4322-92D4-90BB0DEF75CF}
	EndGlobalSection
EndGlobal
